// !$*UTF8*$!
{
	archiveVersion = 1;
	classes = {
	};
	objectVersion = 56;
	objects = {

/* Begin PBXBuildFile section */
		4DBDAD2B29E0EEE000A62F1D /* AppDelegate.swift in Sources */ = {isa = PBXBuildFile; fileRef = 4DBDAD2A29E0EEE000A62F1D /* AppDelegate.swift */; };
		4DBDAD2D29E0EEE000A62F1D /* SceneDelegate.swift in Sources */ = {isa = PBXBuildFile; fileRef = 4DBDAD2C29E0EEE000A62F1D /* SceneDelegate.swift */; };
		4DBDAD2F29E0EEE000A62F1D /* ViewController.swift in Sources */ = {isa = PBXBuildFile; fileRef = 4DBDAD2E29E0EEE000A62F1D /* ViewController.swift */; };
		4DBDAD3229E0EEE000A62F1D /* Main.storyboard in Resources */ = {isa = PBXBuildFile; fileRef = 4DBDAD3029E0EEE000A62F1D /* Main.storyboard */; };
		4DBDAD3529E0EEE000A62F1D /* podcast.xcdatamodeld in Sources */ = {isa = PBXBuildFile; fileRef = 4DBDAD3329E0EEE000A62F1D /* podcast.xcdatamodeld */; };
		4DBDAD3729E0EEE200A62F1D /* Assets.xcassets in Resources */ = {isa = PBXBuildFile; fileRef = 4DBDAD3629E0EEE200A62F1D /* Assets.xcassets */; };
		4DBDAD3A29E0EEE200A62F1D /* LaunchScreen.storyboard in Resources */ = {isa = PBXBuildFile; fileRef = 4DBDAD3829E0EEE200A62F1D /* LaunchScreen.storyboard */; };
		4DCA4ED329E0F07B00FB2EC3 /* PodcastAPI in Frameworks */ = {isa = PBXBuildFile; productRef = 4DCA4ED229E0F07B00FB2EC3 /* PodcastAPI */; };
		4DCA4ED529E0F0B800FB2EC3 /* service.swift in Sources */ = {isa = PBXBuildFile; fileRef = 4DCA4ED429E0F0B800FB2EC3 /* service.swift */; };
		4DCA4ED729E1180C00FB2EC3 /* HomeViewController.swift in Sources */ = {isa = PBXBuildFile; fileRef = 4DCA4ED629E1180C00FB2EC3 /* HomeViewController.swift */; };
		4DCA4EDA29E12EA600FB2EC3 /* HomeCellTableViewCell.swift in Sources */ = {isa = PBXBuildFile; fileRef = 4DCA4ED929E12EA600FB2EC3 /* HomeCellTableViewCell.swift */; };
		4DCA4EDD29E135E400FB2EC3 /* ResponseBest.swift in Sources */ = {isa = PBXBuildFile; fileRef = 4DCA4EDC29E135E400FB2EC3 /* ResponseBest.swift */; };
		4DCA4EDF29E143DD00FB2EC3 /* NetworkManager.swift in Sources */ = {isa = PBXBuildFile; fileRef = 4DCA4EDE29E143DD00FB2EC3 /* NetworkManager.swift */; };
		4DCA4EE129E236D500FB2EC3 /* EpisodesTableViewController.swift in Sources */ = {isa = PBXBuildFile; fileRef = 4DCA4EE029E236D500FB2EC3 /* EpisodesTableViewController.swift */; };
		4DD0D3E229E263C200177E52 /* ResponsePodCastEpisodes.swift in Sources */ = {isa = PBXBuildFile; fileRef = 4DD0D3E129E263C200177E52 /* ResponsePodCastEpisodes.swift */; };
		4DD0D3E429E28A7700177E52 /* EpisodesTableViewCell.swift in Sources */ = {isa = PBXBuildFile; fileRef = 4DD0D3E329E28A7700177E52 /* EpisodesTableViewCell.swift */; };
/* End PBXBuildFile section */

/* Begin PBXFileReference section */
		4DBDAD2729E0EEE000A62F1D /* podcast.app */ = {isa = PBXFileReference; explicitFileType = wrapper.application; includeInIndex = 0; path = podcast.app; sourceTree = BUILT_PRODUCTS_DIR; };
		4DBDAD2A29E0EEE000A62F1D /* AppDelegate.swift */ = {isa = PBXFileReference; lastKnownFileType = sourcecode.swift; path = AppDelegate.swift; sourceTree = "<group>"; };
		4DBDAD2C29E0EEE000A62F1D /* SceneDelegate.swift */ = {isa = PBXFileReference; lastKnownFileType = sourcecode.swift; path = SceneDelegate.swift; sourceTree = "<group>"; };
		4DBDAD2E29E0EEE000A62F1D /* ViewController.swift */ = {isa = PBXFileReference; lastKnownFileType = sourcecode.swift; path = ViewController.swift; sourceTree = "<group>"; };
		4DBDAD3129E0EEE000A62F1D /* Base */ = {isa = PBXFileReference; lastKnownFileType = file.storyboard; name = Base; path = Base.lproj/Main.storyboard; sourceTree = "<group>"; };
		4DBDAD3429E0EEE000A62F1D /* podcast.xcdatamodel */ = {isa = PBXFileReference; lastKnownFileType = wrapper.xcdatamodel; path = podcast.xcdatamodel; sourceTree = "<group>"; };
		4DBDAD3629E0EEE200A62F1D /* Assets.xcassets */ = {isa = PBXFileReference; lastKnownFileType = folder.assetcatalog; path = Assets.xcassets; sourceTree = "<group>"; };
		4DBDAD3929E0EEE200A62F1D /* Base */ = {isa = PBXFileReference; lastKnownFileType = file.storyboard; name = Base; path = Base.lproj/LaunchScreen.storyboard; sourceTree = "<group>"; };
		4DBDAD3B29E0EEE200A62F1D /* Info.plist */ = {isa = PBXFileReference; lastKnownFileType = text.plist.xml; path = Info.plist; sourceTree = "<group>"; };
		4DCA4ED429E0F0B800FB2EC3 /* service.swift */ = {isa = PBXFileReference; lastKnownFileType = sourcecode.swift; path = service.swift; sourceTree = "<group>"; };
		4DCA4ED629E1180C00FB2EC3 /* HomeViewController.swift */ = {isa = PBXFileReference; lastKnownFileType = sourcecode.swift; path = HomeViewController.swift; sourceTree = "<group>"; };
		4DCA4ED929E12EA600FB2EC3 /* HomeCellTableViewCell.swift */ = {isa = PBXFileReference; lastKnownFileType = sourcecode.swift; path = HomeCellTableViewCell.swift; sourceTree = "<group>"; };
		4DCA4EDC29E135E400FB2EC3 /* ResponseBest.swift */ = {isa = PBXFileReference; lastKnownFileType = sourcecode.swift; path = ResponseBest.swift; sourceTree = "<group>"; };
		4DCA4EDE29E143DD00FB2EC3 /* NetworkManager.swift */ = {isa = PBXFileReference; lastKnownFileType = sourcecode.swift; path = NetworkManager.swift; sourceTree = "<group>"; };
		4DCA4EE029E236D500FB2EC3 /* EpisodesTableViewController.swift */ = {isa = PBXFileReference; lastKnownFileType = sourcecode.swift; path = EpisodesTableViewController.swift; sourceTree = "<group>"; };
		4DD0D3E129E263C200177E52 /* ResponsePodCastEpisodes.swift */ = {isa = PBXFileReference; lastKnownFileType = sourcecode.swift; path = ResponsePodCastEpisodes.swift; sourceTree = "<group>"; };
		4DD0D3E329E28A7700177E52 /* EpisodesTableViewCell.swift */ = {isa = PBXFileReference; lastKnownFileType = sourcecode.swift; path = EpisodesTableViewCell.swift; sourceTree = "<group>"; };
/* End PBXFileReference section */

/* Begin PBXFrameworksBuildPhase section */
		4DBDAD2429E0EEE000A62F1D /* Frameworks */ = {
			isa = PBXFrameworksBuildPhase;
			buildActionMask = 2147483647;
			files = (
				4DCA4ED329E0F07B00FB2EC3 /* PodcastAPI in Frameworks */,
			);
			runOnlyForDeploymentPostprocessing = 0;
		};
/* End PBXFrameworksBuildPhase section */

/* Begin PBXGroup section */
		4DBDAD1E29E0EEE000A62F1D = {
			isa = PBXGroup;
			children = (
				4DBDAD2929E0EEE000A62F1D /* podcast */,
				4DBDAD2829E0EEE000A62F1D /* Products */,
			);
			sourceTree = "<group>";
		};
		4DBDAD2829E0EEE000A62F1D /* Products */ = {
			isa = PBXGroup;
			children = (
				4DBDAD2729E0EEE000A62F1D /* podcast.app */,
			);
			name = Products;
			sourceTree = "<group>";
		};
		4DBDAD2929E0EEE000A62F1D /* podcast */ = {
			isa = PBXGroup;
			children = (
				4DBDAD4529E0EF4C00A62F1D /* service */,
				4DBDAD4429E0EF2400A62F1D /* controller */,
				4DBDAD4329E0EF0A00A62F1D /* model */,
				4DBDAD4229E0EF0200A62F1D /* view */,
				4DBDAD4129E0EEEC00A62F1D /* delegates */,
				4DBDAD3629E0EEE200A62F1D /* Assets.xcassets */,
				4DBDAD3B29E0EEE200A62F1D /* Info.plist */,
				4DBDAD3329E0EEE000A62F1D /* podcast.xcdatamodeld */,
			);
			path = podcast;
			sourceTree = "<group>";
		};
		4DBDAD4129E0EEEC00A62F1D /* delegates */ = {
			isa = PBXGroup;
			children = (
				4DBDAD2A29E0EEE000A62F1D /* AppDelegate.swift */,
				4DBDAD2C29E0EEE000A62F1D /* SceneDelegate.swift */,
			);
			path = delegates;
			sourceTree = "<group>";
		};
		4DBDAD4229E0EF0200A62F1D /* view */ = {
			isa = PBXGroup;
			children = (
				4DCA4ED829E12E4600FB2EC3 /* cell */,
				4DBDAD3029E0EEE000A62F1D /* Main.storyboard */,
				4DBDAD3829E0EEE200A62F1D /* LaunchScreen.storyboard */,
			);
			path = view;
			sourceTree = "<group>";
		};
		4DBDAD4329E0EF0A00A62F1D /* model */ = {
			isa = PBXGroup;
			children = (
				4DCA4EDB29E135C400FB2EC3 /* response */,
			);
			path = model;
			sourceTree = "<group>";
		};
		4DBDAD4429E0EF2400A62F1D /* controller */ = {
			isa = PBXGroup;
			children = (
				4DBDAD2E29E0EEE000A62F1D /* ViewController.swift */,
				4DCA4ED629E1180C00FB2EC3 /* HomeViewController.swift */,
				4DCA4EE029E236D500FB2EC3 /* EpisodesTableViewController.swift */,
			);
			path = controller;
			sourceTree = "<group>";
		};
		4DBDAD4529E0EF4C00A62F1D /* service */ = {
			isa = PBXGroup;
			children = (
				4DCA4ED429E0F0B800FB2EC3 /* service.swift */,
				4DCA4EDE29E143DD00FB2EC3 /* NetworkManager.swift */,
			);
			path = service;
			sourceTree = "<group>";
		};
		4DCA4ED829E12E4600FB2EC3 /* cell */ = {
			isa = PBXGroup;
			children = (
				4DCA4ED929E12EA600FB2EC3 /* HomeCellTableViewCell.swift */,
				4DD0D3E329E28A7700177E52 /* EpisodesTableViewCell.swift */,
			);
			path = cell;
			sourceTree = "<group>";
		};
		4DCA4EDB29E135C400FB2EC3 /* response */ = {
			isa = PBXGroup;
			children = (
				4DCA4EDC29E135E400FB2EC3 /* ResponseBest.swift */,
				4DD0D3E129E263C200177E52 /* ResponsePodCastEpisodes.swift */,
			);
			path = response;
			sourceTree = "<group>";
		};
/* End PBXGroup section */

/* Begin PBXNativeTarget section */
		4DBDAD2629E0EEE000A62F1D /* podcast */ = {
			isa = PBXNativeTarget;
			buildConfigurationList = 4DBDAD3E29E0EEE200A62F1D /* Build configuration list for PBXNativeTarget "podcast" */;
			buildPhases = (
				4DBDAD2329E0EEE000A62F1D /* Sources */,
				4DBDAD2429E0EEE000A62F1D /* Frameworks */,
				4DBDAD2529E0EEE000A62F1D /* Resources */,
			);
			buildRules = (
			);
			dependencies = (
			);
			name = podcast;
			packageProductDependencies = (
				4DCA4ED229E0F07B00FB2EC3 /* PodcastAPI */,
			);
			productName = podcast;
			productReference = 4DBDAD2729E0EEE000A62F1D /* podcast.app */;
			productType = "com.apple.product-type.application";
		};
/* End PBXNativeTarget section */

/* Begin PBXProject section */
		4DBDAD1F29E0EEE000A62F1D /* Project object */ = {
			isa = PBXProject;
			attributes = {
				BuildIndependentTargetsInParallel = 1;
				LastSwiftUpdateCheck = 1430;
				LastUpgradeCheck = 1430;
				TargetAttributes = {
					4DBDAD2629E0EEE000A62F1D = {
						CreatedOnToolsVersion = 14.3;
					};
				};
			};
			buildConfigurationList = 4DBDAD2229E0EEE000A62F1D /* Build configuration list for PBXProject "podcast" */;
			compatibilityVersion = "Xcode 14.0";
			developmentRegion = en;
			hasScannedForEncodings = 0;
			knownRegions = (
				en,
				Base,
			);
			mainGroup = 4DBDAD1E29E0EEE000A62F1D;
			packageReferences = (
				4DCA4ED129E0F07B00FB2EC3 /* XCRemoteSwiftPackageReference "podcast-api-swift" */,
			);
			productRefGroup = 4DBDAD2829E0EEE000A62F1D /* Products */;
			projectDirPath = "";
			projectRoot = "";
			targets = (
				4DBDAD2629E0EEE000A62F1D /* podcast */,
			);
		};
/* End PBXProject section */

/* Begin PBXResourcesBuildPhase section */
		4DBDAD2529E0EEE000A62F1D /* Resources */ = {
			isa = PBXResourcesBuildPhase;
			buildActionMask = 2147483647;
			files = (
				4DBDAD3A29E0EEE200A62F1D /* LaunchScreen.storyboard in Resources */,
				4DBDAD3729E0EEE200A62F1D /* Assets.xcassets in Resources */,
				4DBDAD3229E0EEE000A62F1D /* Main.storyboard in Resources */,
			);
			runOnlyForDeploymentPostprocessing = 0;
		};
/* End PBXResourcesBuildPhase section */

/* Begin PBXSourcesBuildPhase section */
		4DBDAD2329E0EEE000A62F1D /* Sources */ = {
			isa = PBXSourcesBuildPhase;
			buildActionMask = 2147483647;
			files = (
				4DCA4EDF29E143DD00FB2EC3 /* NetworkManager.swift in Sources */,
				4DD0D3E429E28A7700177E52 /* EpisodesTableViewCell.swift in Sources */,
				4DBDAD2F29E0EEE000A62F1D /* ViewController.swift in Sources */,
				4DCA4EDA29E12EA600FB2EC3 /* HomeCellTableViewCell.swift in Sources */,
				4DBDAD2B29E0EEE000A62F1D /* AppDelegate.swift in Sources */,
				4DBDAD3529E0EEE000A62F1D /* podcast.xcdatamodeld in Sources */,
				4DCA4ED729E1180C00FB2EC3 /* HomeViewController.swift in Sources */,
				4DBDAD2D29E0EEE000A62F1D /* SceneDelegate.swift in Sources */,
				4DCA4EE129E236D500FB2EC3 /* EpisodesTableViewController.swift in Sources */,
				4DCA4EDD29E135E400FB2EC3 /* ResponseBest.swift in Sources */,
				4DD0D3E229E263C200177E52 /* ResponsePodCastEpisodes.swift in Sources */,
				4DCA4ED529E0F0B800FB2EC3 /* service.swift in Sources */,
			);
			runOnlyForDeploymentPostprocessing = 0;
		};
/* End PBXSourcesBuildPhase section */

/* Begin PBXVariantGroup section */
		4DBDAD3029E0EEE000A62F1D /* Main.storyboard */ = {
			isa = PBXVariantGroup;
			children = (
				4DBDAD3129E0EEE000A62F1D /* Base */,
			);
			name = Main.storyboard;
			sourceTree = "<group>";
		};
		4DBDAD3829E0EEE200A62F1D /* LaunchScreen.storyboard */ = {
			isa = PBXVariantGroup;
			children = (
				4DBDAD3929E0EEE200A62F1D /* Base */,
			);
			name = LaunchScreen.storyboard;
			sourceTree = "<group>";
		};
/* End PBXVariantGroup section */

/* Begin XCBuildConfiguration section */
		4DBDAD3C29E0EEE200A62F1D /* Debug */ = {
			isa = XCBuildConfiguration;
			buildSettings = {
				ALWAYS_SEARCH_USER_PATHS = NO;
				CLANG_ANALYZER_NONNULL = YES;
				CLANG_ANALYZER_NUMBER_OBJECT_CONVERSION = YES_AGGRESSIVE;
				CLANG_CXX_LANGUAGE_STANDARD = "gnu++20";
				CLANG_ENABLE_MODULES = YES;
				CLANG_ENABLE_OBJC_ARC = YES;
				CLANG_ENABLE_OBJC_WEAK = YES;
				CLANG_WARN_BLOCK_CAPTURE_AUTORELEASING = YES;
				CLANG_WARN_BOOL_CONVERSION = YES;
				CLANG_WARN_COMMA = YES;
				CLANG_WARN_CONSTANT_CONVERSION = YES;
				CLANG_WARN_DEPRECATED_OBJC_IMPLEMENTATIONS = YES;
				CLANG_WARN_DIRECT_OBJC_ISA_USAGE = YES_ERROR;
				CLANG_WARN_DOCUMENTATION_COMMENTS = YES;
				CLANG_WARN_EMPTY_BODY = YES;
				CLANG_WARN_ENUM_CONVERSION = YES;
				CLANG_WARN_INFINITE_RECURSION = YES;
				CLANG_WARN_INT_CONVERSION = YES;
				CLANG_WARN_NON_LITERAL_NULL_CONVERSION = YES;
				CLANG_WARN_OBJC_IMPLICIT_RETAIN_SELF = YES;
				CLANG_WARN_OBJC_LITERAL_CONVERSION = YES;
				CLANG_WARN_OBJC_ROOT_CLASS = YES_ERROR;
				CLANG_WARN_QUOTED_INCLUDE_IN_FRAMEWORK_HEADER = YES;
				CLANG_WARN_RANGE_LOOP_ANALYSIS = YES;
				CLANG_WARN_STRICT_PROTOTYPES = YES;
				CLANG_WARN_SUSPICIOUS_MOVE = YES;
				CLANG_WARN_UNGUARDED_AVAILABILITY = YES_AGGRESSIVE;
				CLANG_WARN_UNREACHABLE_CODE = YES;
				CLANG_WARN__DUPLICATE_METHOD_MATCH = YES;
				COPY_PHASE_STRIP = NO;
				DEBUG_INFORMATION_FORMAT = dwarf;
				ENABLE_STRICT_OBJC_MSGSEND = YES;
				ENABLE_TESTABILITY = YES;
				GCC_C_LANGUAGE_STANDARD = gnu11;
				GCC_DYNAMIC_NO_PIC = NO;
				GCC_NO_COMMON_BLOCKS = YES;
				GCC_OPTIMIZATION_LEVEL = 0;
				GCC_PREPROCESSOR_DEFINITIONS = (
					"DEBUG=1",
					"$(inherited)",
				);
				GCC_WARN_64_TO_32_BIT_CONVERSION = YES;
				GCC_WARN_ABOUT_RETURN_TYPE = YES_ERROR;
				GCC_WARN_UNDECLARED_SELECTOR = YES;
				GCC_WARN_UNINITIALIZED_AUTOS = YES_AGGRESSIVE;
				GCC_WARN_UNUSED_FUNCTION = YES;
				GCC_WARN_UNUSED_VARIABLE = YES;
				IPHONEOS_DEPLOYMENT_TARGET = 16.4;
				MTL_ENABLE_DEBUG_INFO = INCLUDE_SOURCE;
				MTL_FAST_MATH = YES;
				ONLY_ACTIVE_ARCH = YES;
				SDKROOT = iphoneos;
				SWIFT_ACTIVE_COMPILATION_CONDITIONS = DEBUG;
				SWIFT_OPTIMIZATION_LEVEL = "-Onone";
			};
			name = Debug;
		};
		4DBDAD3D29E0EEE200A62F1D /* Release */ = {
			isa = XCBuildConfiguration;
			buildSettings = {
				ALWAYS_SEARCH_USER_PATHS = NO;
				CLANG_ANALYZER_NONNULL = YES;
				CLANG_ANALYZER_NUMBER_OBJECT_CONVERSION = YES_AGGRESSIVE;
				CLANG_CXX_LANGUAGE_STANDARD = "gnu++20";
				CLANG_ENABLE_MODULES = YES;
				CLANG_ENABLE_OBJC_ARC = YES;
				CLANG_ENABLE_OBJC_WEAK = YES;
				CLANG_WARN_BLOCK_CAPTURE_AUTORELEASING = YES;
				CLANG_WARN_BOOL_CONVERSION = YES;
				CLANG_WARN_COMMA = YES;
				CLANG_WARN_CONSTANT_CONVERSION = YES;
				CLANG_WARN_DEPRECATED_OBJC_IMPLEMENTATIONS = YES;
				CLANG_WARN_DIRECT_OBJC_ISA_USAGE = YES_ERROR;
				CLANG_WARN_DOCUMENTATION_COMMENTS = YES;
				CLANG_WARN_EMPTY_BODY = YES;
				CLANG_WARN_ENUM_CONVERSION = YES;
				CLANG_WARN_INFINITE_RECURSION = YES;
				CLANG_WARN_INT_CONVERSION = YES;
				CLANG_WARN_NON_LITERAL_NULL_CONVERSION = YES;
				CLANG_WARN_OBJC_IMPLICIT_RETAIN_SELF = YES;
				CLANG_WARN_OBJC_LITERAL_CONVERSION = YES;
				CLANG_WARN_OBJC_ROOT_CLASS = YES_ERROR;
				CLANG_WARN_QUOTED_INCLUDE_IN_FRAMEWORK_HEADER = YES;
				CLANG_WARN_RANGE_LOOP_ANALYSIS = YES;
				CLANG_WARN_STRICT_PROTOTYPES = YES;
				CLANG_WARN_SUSPICIOUS_MOVE = YES;
				CLANG_WARN_UNGUARDED_AVAILABILITY = YES_AGGRESSIVE;
				CLANG_WARN_UNREACHABLE_CODE = YES;
				CLANG_WARN__DUPLICATE_METHOD_MATCH = YES;
				COPY_PHASE_STRIP = NO;
				DEBUG_INFORMATION_FORMAT = "dwarf-with-dsym";
				ENABLE_NS_ASSERTIONS = NO;
				ENABLE_STRICT_OBJC_MSGSEND = YES;
				GCC_C_LANGUAGE_STANDARD = gnu11;
				GCC_NO_COMMON_BLOCKS = YES;
				GCC_WARN_64_TO_32_BIT_CONVERSION = YES;
				GCC_WARN_ABOUT_RETURN_TYPE = YES_ERROR;
				GCC_WARN_UNDECLARED_SELECTOR = YES;
				GCC_WARN_UNINITIALIZED_AUTOS = YES_AGGRESSIVE;
				GCC_WARN_UNUSED_FUNCTION = YES;
				GCC_WARN_UNUSED_VARIABLE = YES;
				IPHONEOS_DEPLOYMENT_TARGET = 16.4;
				MTL_ENABLE_DEBUG_INFO = NO;
				MTL_FAST_MATH = YES;
				SDKROOT = iphoneos;
				SWIFT_COMPILATION_MODE = wholemodule;
				SWIFT_OPTIMIZATION_LEVEL = "-O";
				VALIDATE_PRODUCT = YES;
			};
			name = Release;
		};
		4DBDAD3F29E0EEE200A62F1D /* Debug */ = {
			isa = XCBuildConfiguration;
			buildSettings = {
				ASSETCATALOG_COMPILER_APPICON_NAME = AppIcon;
				ASSETCATALOG_COMPILER_GLOBAL_ACCENT_COLOR_NAME = AccentColor;
				CODE_SIGN_STYLE = Automatic;
				CURRENT_PROJECT_VERSION = 1;
				DEVELOPMENT_TEAM = SPWMMSKK74;
				GENERATE_INFOPLIST_FILE = YES;
				INFOPLIST_FILE = podcast/Info.plist;
				INFOPLIST_KEY_UIApplicationSupportsIndirectInputEvents = YES;
				INFOPLIST_KEY_UILaunchStoryboardName = LaunchScreen;
				INFOPLIST_KEY_UIMainStoryboardFile = Main;
				INFOPLIST_KEY_UISupportedInterfaceOrientations_iPad = "UIInterfaceOrientationPortrait UIInterfaceOrientationPortraitUpsideDown UIInterfaceOrientationLandscapeLeft UIInterfaceOrientationLandscapeRight";
				INFOPLIST_KEY_UISupportedInterfaceOrientations_iPhone = "UIInterfaceOrientationPortrait UIInterfaceOrientationLandscapeLeft UIInterfaceOrientationLandscapeRight";
				LD_RUNPATH_SEARCH_PATHS = (
					"$(inherited)",
					"@executable_path/Frameworks",
				);
				MARKETING_VERSION = 1.0;
				PRODUCT_BUNDLE_IDENTIFIER = br.com.jocampos.podcast;
				PRODUCT_NAME = "$(TARGET_NAME)";
				SWIFT_EMIT_LOC_STRINGS = YES;
				SWIFT_VERSION = 5.0;
				TARGETED_DEVICE_FAMILY = "1,2";
			};
			name = Debug;
		};
		4DBDAD4029E0EEE200A62F1D /* Release */ = {
			isa = XCBuildConfiguration;
			buildSettings = {
				ASSETCATALOG_COMPILER_APPICON_NAME = AppIcon;
				ASSETCATALOG_COMPILER_GLOBAL_ACCENT_COLOR_NAME = AccentColor;
				CODE_SIGN_STYLE = Automatic;
				CURRENT_PROJECT_VERSION = 1;
				DEVELOPMENT_TEAM = SPWMMSKK74;
				GENERATE_INFOPLIST_FILE = YES;
				INFOPLIST_FILE = podcast/Info.plist;
				INFOPLIST_KEY_UIApplicationSupportsIndirectInputEvents = YES;
				INFOPLIST_KEY_UILaunchStoryboardName = LaunchScreen;
				INFOPLIST_KEY_UIMainStoryboardFile = Main;
				INFOPLIST_KEY_UISupportedInterfaceOrientations_iPad = "UIInterfaceOrientationPortrait UIInterfaceOrientationPortraitUpsideDown UIInterfaceOrientationLandscapeLeft UIInterfaceOrientationLandscapeRight";
				INFOPLIST_KEY_UISupportedInterfaceOrientations_iPhone = "UIInterfaceOrientationPortrait UIInterfaceOrientationLandscapeLeft UIInterfaceOrientationLandscapeRight";
				LD_RUNPATH_SEARCH_PATHS = (
					"$(inherited)",
					"@executable_path/Frameworks",
				);
				MARKETING_VERSION = 1.0;
				PRODUCT_BUNDLE_IDENTIFIER = br.com.jocampos.podcast;
				PRODUCT_NAME = "$(TARGET_NAME)";
				SWIFT_EMIT_LOC_STRINGS = YES;
				SWIFT_VERSION = 5.0;
				TARGETED_DEVICE_FAMILY = "1,2";
			};
			name = Release;
		};
/* End XCBuildConfiguration section */

/* Begin XCConfigurationList section */
		4DBDAD2229E0EEE000A62F1D /* Build configuration list for PBXProject "podcast" */ = {
			isa = XCConfigurationList;
			buildConfigurations = (
				4DBDAD3C29E0EEE200A62F1D /* Debug */,
				4DBDAD3D29E0EEE200A62F1D /* Release */,
			);
			defaultConfigurationIsVisible = 0;
			defaultConfigurationName = Release;
		};
		4DBDAD3E29E0EEE200A62F1D /* Build configuration list for PBXNativeTarget "podcast" */ = {
			isa = XCConfigurationList;
			buildConfigurations = (
				4DBDAD3F29E0EEE200A62F1D /* Debug */,
				4DBDAD4029E0EEE200A62F1D /* Release */,
			);
			defaultConfigurationIsVisible = 0;
			defaultConfigurationName = Release;
		};
/* End XCConfigurationList section */

/* Begin XCRemoteSwiftPackageReference section */
		4DCA4ED129E0F07B00FB2EC3 /* XCRemoteSwiftPackageReference "podcast-api-swift" */ = {
			isa = XCRemoteSwiftPackageReference;
			repositoryURL = "https://github.com/ListenNotes/podcast-api-swift.git";
			requirement = {
				kind = upToNextMajorVersion;
				minimumVersion = 1.0.0;
			};
		};
/* End XCRemoteSwiftPackageReference section */

/* Begin XCSwiftPackageProductDependency section */
		4DCA4ED229E0F07B00FB2EC3 /* PodcastAPI */ = {
			isa = XCSwiftPackageProductDependency;
			package = 4DCA4ED129E0F07B00FB2EC3 /* XCRemoteSwiftPackageReference "podcast-api-swift" */;
			productName = PodcastAPI;
		};
/* End XCSwiftPackageProductDependency section */

/* Begin XCVersionGroup section */
		4DBDAD3329E0EEE000A62F1D /* podcast.xcdatamodeld */ = {
			isa = XCVersionGroup;
			children = (
				4DBDAD3429E0EEE000A62F1D /* podcast.xcdatamodel */,
			);
			currentVersion = 4DBDAD3429E0EEE000A62F1D /* podcast.xcdatamodel */;
			path = podcast.xcdatamodeld;
			sourceTree = "<group>";
			versionGroupType = wrapper.xcdatamodel;
		};
/* End XCVersionGroup section */
	};
	rootObject = 4DBDAD1F29E0EEE000A62F1D /* Project object */;
}
